// !$*UTF8*$!
{
	archiveVersion = 1;
	classes = {
	};
	objectVersion = 46;
	objects = {

/* Begin PBXBuildFile section */
		C68C62711C600FEC00087584 /* AppDelegate.swift in Sources */ = {isa = PBXBuildFile; fileRef = C68C62701C600FEC00087584 /* AppDelegate.swift */; };
		C68C62731C600FEC00087584 /* ViewController.swift in Sources */ = {isa = PBXBuildFile; fileRef = C68C62721C600FEC00087584 /* ViewController.swift */; };
		C68C62761C600FEC00087584 /* Main.storyboard in Resources */ = {isa = PBXBuildFile; fileRef = C68C62741C600FEC00087584 /* Main.storyboard */; };
		C68C62781C600FEC00087584 /* Assets.xcassets in Resources */ = {isa = PBXBuildFile; fileRef = C68C62771C600FEC00087584 /* Assets.xcassets */; };
		C68C627B1C600FEC00087584 /* LaunchScreen.storyboard in Resources */ = {isa = PBXBuildFile; fileRef = C68C62791C600FEC00087584 /* LaunchScreen.storyboard */; };
		C68C62861C600FEC00087584 /* MakeUrPizzaTests.swift in Sources */ = {isa = PBXBuildFile; fileRef = C68C62851C600FEC00087584 /* MakeUrPizzaTests.swift */; };
		C68C62911C600FEC00087584 /* MakeUrPizzaUITests.swift in Sources */ = {isa = PBXBuildFile; fileRef = C68C62901C600FEC00087584 /* MakeUrPizzaUITests.swift */; };
		C68C62EB1C6110E600087584 /* Pizza.swift in Sources */ = {isa = PBXBuildFile; fileRef = C68C62EA1C6110E600087584 /* Pizza.swift */; };
		C68C62F11C611BEA00087584 /* SizeVC.swift in Sources */ = {isa = PBXBuildFile; fileRef = C68C62F01C611BEA00087584 /* SizeVC.swift */; };
		C68C62F31C61316A00087584 /* PasteVC.swift in Sources */ = {isa = PBXBuildFile; fileRef = C68C62F21C61316A00087584 /* PasteVC.swift */; };
		C68C62F51C61317C00087584 /* ChesseVC.swift in Sources */ = {isa = PBXBuildFile; fileRef = C68C62F41C61317C00087584 /* ChesseVC.swift */; };
		C68C62F71C61318E00087584 /* IngredientsVC.swift in Sources */ = {isa = PBXBuildFile; fileRef = C68C62F61C61318E00087584 /* IngredientsVC.swift */; };
		C68C62F91C63DEF100087584 /* ConfirmVC.swift in Sources */ = {isa = PBXBuildFile; fileRef = C68C62F81C63DEF100087584 /* ConfirmVC.swift */; };
		C68C62FD1C652F0900087584 /* pizzaP.jpg in Resources */ = {isa = PBXBuildFile; fileRef = C68C62FC1C652F0900087584 /* pizzaP.jpg */; };
/* End PBXBuildFile section */

/* Begin PBXContainerItemProxy section */
		C68C62821C600FEC00087584 /* PBXContainerItemProxy */ = {
			isa = PBXContainerItemProxy;
			containerPortal = C68C62651C600FEC00087584 /* Project object */;
			proxyType = 1;
			remoteGlobalIDString = C68C626C1C600FEC00087584;
			remoteInfo = MakeUrPizza;
		};
		C68C628D1C600FEC00087584 /* PBXContainerItemProxy */ = {
			isa = PBXContainerItemProxy;
			containerPortal = C68C62651C600FEC00087584 /* Project object */;
			proxyType = 1;
			remoteGlobalIDString = C68C626C1C600FEC00087584;
			remoteInfo = MakeUrPizza;
		};
/* End PBXContainerItemProxy section */

/* Begin PBXFileReference section */
		C68C626D1C600FEC00087584 /* MakeUrPizza.app */ = {isa = PBXFileReference; explicitFileType = wrapper.application; includeInIndex = 0; path = MakeUrPizza.app; sourceTree = BUILT_PRODUCTS_DIR; };
		C68C62701C600FEC00087584 /* AppDelegate.swift */ = {isa = PBXFileReference; lastKnownFileType = sourcecode.swift; path = AppDelegate.swift; sourceTree = "<group>"; };
		C68C62721C600FEC00087584 /* ViewController.swift */ = {isa = PBXFileReference; lastKnownFileType = sourcecode.swift; path = ViewController.swift; sourceTree = "<group>"; };
		C68C62751C600FEC00087584 /* Base */ = {isa = PBXFileReference; lastKnownFileType = file.storyboard; name = Base; path = Base.lproj/Main.storyboard; sourceTree = "<group>"; };
		C68C62771C600FEC00087584 /* Assets.xcassets */ = {isa = PBXFileReference; lastKnownFileType = folder.assetcatalog; path = Assets.xcassets; sourceTree = "<group>"; };
		C68C627A1C600FEC00087584 /* Base */ = {isa = PBXFileReference; lastKnownFileType = file.storyboard; name = Base; path = Base.lproj/LaunchScreen.storyboard; sourceTree = "<group>"; };
		C68C627C1C600FEC00087584 /* Info.plist */ = {isa = PBXFileReference; lastKnownFileType = text.plist.xml; path = Info.plist; sourceTree = "<group>"; };
		C68C62811C600FEC00087584 /* MakeUrPizzaTests.xctest */ = {isa = PBXFileReference; explicitFileType = wrapper.cfbundle; includeInIndex = 0; path = MakeUrPizzaTests.xctest; sourceTree = BUILT_PRODUCTS_DIR; };
		C68C62851C600FEC00087584 /* MakeUrPizzaTests.swift */ = {isa = PBXFileReference; lastKnownFileType = sourcecode.swift; path = MakeUrPizzaTests.swift; sourceTree = "<group>"; };
		C68C62871C600FEC00087584 /* Info.plist */ = {isa = PBXFileReference; lastKnownFileType = text.plist.xml; path = Info.plist; sourceTree = "<group>"; };
		C68C628C1C600FEC00087584 /* MakeUrPizzaUITests.xctest */ = {isa = PBXFileReference; explicitFileType = wrapper.cfbundle; includeInIndex = 0; path = MakeUrPizzaUITests.xctest; sourceTree = BUILT_PRODUCTS_DIR; };
		C68C62901C600FEC00087584 /* MakeUrPizzaUITests.swift */ = {isa = PBXFileReference; lastKnownFileType = sourcecode.swift; path = MakeUrPizzaUITests.swift; sourceTree = "<group>"; };
		C68C62921C600FEC00087584 /* Info.plist */ = {isa = PBXFileReference; lastKnownFileType = text.plist.xml; path = Info.plist; sourceTree = "<group>"; };
		C68C62EA1C6110E600087584 /* Pizza.swift */ = {isa = PBXFileReference; fileEncoding = 4; lastKnownFileType = sourcecode.swift; path = Pizza.swift; sourceTree = "<group>"; };
		C68C62F01C611BEA00087584 /* SizeVC.swift */ = {isa = PBXFileReference; fileEncoding = 4; lastKnownFileType = sourcecode.swift; path = SizeVC.swift; sourceTree = "<group>"; };
		C68C62F21C61316A00087584 /* PasteVC.swift */ = {isa = PBXFileReference; fileEncoding = 4; lastKnownFileType = sourcecode.swift; path = PasteVC.swift; sourceTree = "<group>"; };
		C68C62F41C61317C00087584 /* ChesseVC.swift */ = {isa = PBXFileReference; fileEncoding = 4; lastKnownFileType = sourcecode.swift; path = ChesseVC.swift; sourceTree = "<group>"; };
		C68C62F61C61318E00087584 /* IngredientsVC.swift */ = {isa = PBXFileReference; fileEncoding = 4; lastKnownFileType = sourcecode.swift; path = IngredientsVC.swift; sourceTree = "<group>"; };
		C68C62F81C63DEF100087584 /* ConfirmVC.swift */ = {isa = PBXFileReference; fileEncoding = 4; lastKnownFileType = sourcecode.swift; path = ConfirmVC.swift; sourceTree = "<group>"; };
		C68C62FC1C652F0900087584 /* pizzaP.jpg */ = {isa = PBXFileReference; lastKnownFileType = image.jpeg; path = pizzaP.jpg; sourceTree = "<group>"; };
/* End PBXFileReference section */

/* Begin PBXFrameworksBuildPhase section */
		C68C626A1C600FEC00087584 /* Frameworks */ = {
			isa = PBXFrameworksBuildPhase;
			buildActionMask = 2147483647;
			files = (
			);
			runOnlyForDeploymentPostprocessing = 0;
		};
		C68C627E1C600FEC00087584 /* Frameworks */ = {
			isa = PBXFrameworksBuildPhase;
			buildActionMask = 2147483647;
			files = (
			);
			runOnlyForDeploymentPostprocessing = 0;
		};
		C68C62891C600FEC00087584 /* Frameworks */ = {
			isa = PBXFrameworksBuildPhase;
			buildActionMask = 2147483647;
			files = (
			);
			runOnlyForDeploymentPostprocessing = 0;
		};
/* End PBXFrameworksBuildPhase section */

/* Begin PBXGroup section */
		C68C62641C600FEC00087584 = {
			isa = PBXGroup;
			children = (
				C68C626F1C600FEC00087584 /* MakeUrPizza */,
				C68C62841C600FEC00087584 /* MakeUrPizzaTests */,
				C68C628F1C600FEC00087584 /* MakeUrPizzaUITests */,
				C68C626E1C600FEC00087584 /* Products */,
			);
			sourceTree = "<group>";
		};
		C68C626E1C600FEC00087584 /* Products */ = {
			isa = PBXGroup;
			children = (
				C68C626D1C600FEC00087584 /* MakeUrPizza.app */,
				C68C62811C600FEC00087584 /* MakeUrPizzaTests.xctest */,
				C68C628C1C600FEC00087584 /* MakeUrPizzaUITests.xctest */,
			);
			name = Products;
			sourceTree = "<group>";
		};
		C68C626F1C600FEC00087584 /* MakeUrPizza */ = {
			isa = PBXGroup;
			children = (
				C68C62701C600FEC00087584 /* AppDelegate.swift */,
				C68C62FC1C652F0900087584 /* pizzaP.jpg */,
				C68C62721C600FEC00087584 /* ViewController.swift */,
				C68C62741C600FEC00087584 /* Main.storyboard */,
				C68C62771C600FEC00087584 /* Assets.xcassets */,
				C68C62791C600FEC00087584 /* LaunchScreen.storyboard */,
				C68C627C1C600FEC00087584 /* Info.plist */,
				C68C62EA1C6110E600087584 /* Pizza.swift */,
				C68C62F01C611BEA00087584 /* SizeVC.swift */,
				C68C62F21C61316A00087584 /* PasteVC.swift */,
				C68C62F41C61317C00087584 /* ChesseVC.swift */,
				C68C62F61C61318E00087584 /* IngredientsVC.swift */,
				C68C62F81C63DEF100087584 /* ConfirmVC.swift */,
			);
			path = MakeUrPizza;
			sourceTree = "<group>";
		};
		C68C62841C600FEC00087584 /* MakeUrPizzaTests */ = {
			isa = PBXGroup;
			children = (
				C68C62851C600FEC00087584 /* MakeUrPizzaTests.swift */,
				C68C62871C600FEC00087584 /* Info.plist */,
			);
			path = MakeUrPizzaTests;
			sourceTree = "<group>";
		};
		C68C628F1C600FEC00087584 /* MakeUrPizzaUITests */ = {
			isa = PBXGroup;
			children = (
				C68C62901C600FEC00087584 /* MakeUrPizzaUITests.swift */,
				C68C62921C600FEC00087584 /* Info.plist */,
			);
			path = MakeUrPizzaUITests;
			sourceTree = "<group>";
		};
/* End PBXGroup section */

/* Begin PBXNativeTarget section */
		C68C626C1C600FEC00087584 /* MakeUrPizza */ = {
			isa = PBXNativeTarget;
			buildConfigurationList = C68C62951C600FEC00087584 /* Build configuration list for PBXNativeTarget "MakeUrPizza" */;
			buildPhases = (
				C68C62691C600FEC00087584 /* Sources */,
				C68C626A1C600FEC00087584 /* Frameworks */,
				C68C626B1C600FEC00087584 /* Resources */,
			);
			buildRules = (
			);
			dependencies = (
			);
			name = MakeUrPizza;
			productName = MakeUrPizza;
			productReference = C68C626D1C600FEC00087584 /* MakeUrPizza.app */;
			productType = "com.apple.product-type.application";
		};
		C68C62801C600FEC00087584 /* MakeUrPizzaTests */ = {
			isa = PBXNativeTarget;
			buildConfigurationList = C68C62981C600FEC00087584 /* Build configuration list for PBXNativeTarget "MakeUrPizzaTests" */;
			buildPhases = (
				C68C627D1C600FEC00087584 /* Sources */,
				C68C627E1C600FEC00087584 /* Frameworks */,
				C68C627F1C600FEC00087584 /* Resources */,
			);
			buildRules = (
			);
			dependencies = (
				C68C62831C600FEC00087584 /* PBXTargetDependency */,
			);
			name = MakeUrPizzaTests;
			productName = MakeUrPizzaTests;
			productReference = C68C62811C600FEC00087584 /* MakeUrPizzaTests.xctest */;
			productType = "com.apple.product-type.bundle.unit-test";
		};
		C68C628B1C600FEC00087584 /* MakeUrPizzaUITests */ = {
			isa = PBXNativeTarget;
			buildConfigurationList = C68C629B1C600FEC00087584 /* Build configuration list for PBXNativeTarget "MakeUrPizzaUITests" */;
			buildPhases = (
				C68C62881C600FEC00087584 /* Sources */,
				C68C62891C600FEC00087584 /* Frameworks */,
				C68C628A1C600FEC00087584 /* Resources */,
			);
			buildRules = (
			);
			dependencies = (
				C68C628E1C600FEC00087584 /* PBXTargetDependency */,
			);
			name = MakeUrPizzaUITests;
			productName = MakeUrPizzaUITests;
			productReference = C68C628C1C600FEC00087584 /* MakeUrPizzaUITests.xctest */;
			productType = "com.apple.product-type.bundle.ui-testing";
		};
/* End PBXNativeTarget section */

/* Begin PBXProject section */
		C68C62651C600FEC00087584 /* Project object */ = {
			isa = PBXProject;
			attributes = {
				LastSwiftUpdateCheck = 0710;
				LastUpgradeCheck = 0710;
				ORGANIZATIONNAME = Cidte;
				TargetAttributes = {
					C68C626C1C600FEC00087584 = {
						CreatedOnToolsVersion = 7.1;
					};
					C68C62801C600FEC00087584 = {
						CreatedOnToolsVersion = 7.1;
						TestTargetID = C68C626C1C600FEC00087584;
					};
					C68C628B1C600FEC00087584 = {
						CreatedOnToolsVersion = 7.1;
						TestTargetID = C68C626C1C600FEC00087584;
					};
				};
			};
			buildConfigurationList = C68C62681C600FEC00087584 /* Build configuration list for PBXProject "MakeUrPizza" */;
			compatibilityVersion = "Xcode 3.2";
			developmentRegion = English;
			hasScannedForEncodings = 0;
			knownRegions = (
				en,
				Base,
			);
			mainGroup = C68C62641C600FEC00087584;
			productRefGroup = C68C626E1C600FEC00087584 /* Products */;
			projectDirPath = "";
			projectRoot = "";
			targets = (
				C68C626C1C600FEC00087584 /* MakeUrPizza */,
				C68C62801C600FEC00087584 /* MakeUrPizzaTests */,
				C68C628B1C600FEC00087584 /* MakeUrPizzaUITests */,
			);
		};
/* End PBXProject section */

/* Begin PBXResourcesBuildPhase section */
		C68C626B1C600FEC00087584 /* Resources */ = {
			isa = PBXResourcesBuildPhase;
			buildActionMask = 2147483647;
			files = (
				C68C627B1C600FEC00087584 /* LaunchScreen.storyboard in Resources */,
				C68C62781C600FEC00087584 /* Assets.xcassets in Resources */,
				C68C62761C600FEC00087584 /* Main.storyboard in Resources */,
				C68C62FD1C652F0900087584 /* pizzaP.jpg in Resources */,
			);
			runOnlyForDeploymentPostprocessing = 0;
		};
		C68C627F1C600FEC00087584 /* Resources */ = {
			isa = PBXResourcesBuildPhase;
			buildActionMask = 2147483647;
			files = (
			);
			runOnlyForDeploymentPostprocessing = 0;
		};
		C68C628A1C600FEC00087584 /* Resources */ = {
			isa = PBXResourcesBuildPhase;
			buildActionMask = 2147483647;
			files = (
			);
			runOnlyForDeploymentPostprocessing = 0;
		};
/* End PBXResourcesBuildPhase section */

/* Begin PBXSourcesBuildPhase section */
		C68C62691C600FEC00087584 /* Sources */ = {
			isa = PBXSourcesBuildPhase;
			buildActionMask = 2147483647;
			files = (
				C68C62EB1C6110E600087584 /* Pizza.swift in Sources */,
				C68C62F91C63DEF100087584 /* ConfirmVC.swift in Sources */,
				C68C62F71C61318E00087584 /* IngredientsVC.swift in Sources */,
				C68C62F31C61316A00087584 /* PasteVC.swift in Sources */,
				C68C62731C600FEC00087584 /* ViewController.swift in Sources */,
				C68C62711C600FEC00087584 /* AppDelegate.swift in Sources */,
				C68C62F11C611BEA00087584 /* SizeVC.swift in Sources */,
				C68C62F51C61317C00087584 /* ChesseVC.swift in Sources */,
			);
			runOnlyForDeploymentPostprocessing = 0;
		};
		C68C627D1C600FEC00087584 /* Sources */ = {
			isa = PBXSourcesBuildPhase;
			buildActionMask = 2147483647;
			files = (
				C68C62861C600FEC00087584 /* MakeUrPizzaTests.swift in Sources */,
			);
			runOnlyForDeploymentPostprocessing = 0;
		};
		C68C62881C600FEC00087584 /* Sources */ = {
			isa = PBXSourcesBuildPhase;
			buildActionMask = 2147483647;
			files = (
				C68C62911C600FEC00087584 /* MakeUrPizzaUITests.swift in Sources */,
			);
			runOnlyForDeploymentPostprocessing = 0;
		};
/* End PBXSourcesBuildPhase section */

/* Begin PBXTargetDependency section */
		C68C62831C600FEC00087584 /* PBXTargetDependency */ = {
			isa = PBXTargetDependency;
			target = C68C626C1C600FEC00087584 /* MakeUrPizza */;
			targetProxy = C68C62821C600FEC00087584 /* PBXContainerItemProxy */;
		};
		C68C628E1C600FEC00087584 /* PBXTargetDependency */ = {
			isa = PBXTargetDependency;
			target = C68C626C1C600FEC00087584 /* MakeUrPizza */;
			targetProxy = C68C628D1C600FEC00087584 /* PBXContainerItemProxy */;
		};
/* End PBXTargetDependency section */

/* Begin PBXVariantGroup section */
		C68C62741C600FEC00087584 /* Main.storyboard */ = {
			isa = PBXVariantGroup;
			children = (
				C68C62751C600FEC00087584 /* Base */,
			);
			name = Main.storyboard;
			sourceTree = "<group>";
		};
		C68C62791C600FEC00087584 /* LaunchScreen.storyboard */ = {
			isa = PBXVariantGroup;
			children = (
				C68C627A1C600FEC00087584 /* Base */,
			);
			name = LaunchScreen.storyboard;
			sourceTree = "<group>";
		};
/* End PBXVariantGroup section */

/* Begin XCBuildConfiguration section */
		C68C62931C600FEC00087584 /* Debug */ = {
			isa = XCBuildConfiguration;
			buildSettings = {
				ALWAYS_SEARCH_USER_PATHS = NO;
				CLANG_CXX_LANGUAGE_STANDARD = "gnu++0x";
				CLANG_CXX_LIBRARY = "libc++";
				CLANG_ENABLE_MODULES = YES;
				CLANG_ENABLE_OBJC_ARC = YES;
				CLANG_WARN_BOOL_CONVERSION = YES;
				CLANG_WARN_CONSTANT_CONVERSION = YES;
				CLANG_WARN_DIRECT_OBJC_ISA_USAGE = YES_ERROR;
				CLANG_WARN_EMPTY_BODY = YES;
				CLANG_WARN_ENUM_CONVERSION = YES;
				CLANG_WARN_INT_CONVERSION = YES;
				CLANG_WARN_OBJC_ROOT_CLASS = YES_ERROR;
				CLANG_WARN_UNREACHABLE_CODE = YES;
				CLANG_WARN__DUPLICATE_METHOD_MATCH = YES;
				"CODE_SIGN_IDENTITY[sdk=iphoneos*]" = "iPhone Developer";
				COPY_PHASE_STRIP = NO;
				DEBUG_INFORMATION_FORMAT = dwarf;
				ENABLE_STRICT_OBJC_MSGSEND = YES;
				ENABLE_TESTABILITY = YES;
				GCC_C_LANGUAGE_STANDARD = gnu99;
				GCC_DYNAMIC_NO_PIC = NO;
				GCC_NO_COMMON_BLOCKS = YES;
				GCC_OPTIMIZATION_LEVEL = 0;
				GCC_PREPROCESSOR_DEFINITIONS = (
					"DEBUG=1",
					"$(inherited)",
				);
				GCC_WARN_64_TO_32_BIT_CONVERSION = YES;
				GCC_WARN_ABOUT_RETURN_TYPE = YES_ERROR;
				GCC_WARN_UNDECLARED_SELECTOR = YES;
				GCC_WARN_UNINITIALIZED_AUTOS = YES_AGGRESSIVE;
				GCC_WARN_UNUSED_FUNCTION = YES;
				GCC_WARN_UNUSED_VARIABLE = YES;
				IPHONEOS_DEPLOYMENT_TARGET = 9.1;
				MTL_ENABLE_DEBUG_INFO = YES;
				ONLY_ACTIVE_ARCH = YES;
				SDKROOT = iphoneos;
				SWIFT_OPTIMIZATION_LEVEL = "-Onone";
				TARGETED_DEVICE_FAMILY = "1,2";
			};
			name = Debug;
		};
		C68C62941C600FEC00087584 /* Release */ = {
			isa = XCBuildConfiguration;
			buildSettings = {
				ALWAYS_SEARCH_USER_PATHS = NO;
				CLANG_CXX_LANGUAGE_STANDARD = "gnu++0x";
				CLANG_CXX_LIBRARY = "libc++";
				CLANG_ENABLE_MODULES = YES;
				CLANG_ENABLE_OBJC_ARC = YES;
				CLANG_WARN_BOOL_CONVERSION = YES;
				CLANG_WARN_CONSTANT_CONVERSION = YES;
				CLANG_WARN_DIRECT_OBJC_ISA_USAGE = YES_ERROR;
				CLANG_WARN_EMPTY_BODY = YES;
				CLANG_WARN_ENUM_CONVERSION = YES;
				CLANG_WARN_INT_CONVERSION = YES;
				CLANG_WARN_OBJC_ROOT_CLASS = YES_ERROR;
				CLANG_WARN_UNREACHABLE_CODE = YES;
				CLANG_WARN__DUPLICATE_METHOD_MATCH = YES;
				"CODE_SIGN_IDENTITY[sdk=iphoneos*]" = "iPhone Developer";
				COPY_PHASE_STRIP = NO;
				DEBUG_INFORMATION_FORMAT = "dwarf-with-dsym";
				ENABLE_NS_ASSERTIONS = NO;
				ENABLE_STRICT_OBJC_MSGSEND = YES;
				GCC_C_LANGUAGE_STANDARD = gnu99;
				GCC_NO_COMMON_BLOCKS = YES;
				GCC_WARN_64_TO_32_BIT_CONVERSION = YES;
				GCC_WARN_ABOUT_RETURN_TYPE = YES_ERROR;
				GCC_WARN_UNDECLARED_SELECTOR = YES;
				GCC_WARN_UNINITIALIZED_AUTOS = YES_AGGRESSIVE;
				GCC_WARN_UNUSED_FUNCTION = YES;
				GCC_WARN_UNUSED_VARIABLE = YES;
				IPHONEOS_DEPLOYMENT_TARGET = 9.1;
				MTL_ENABLE_DEBUG_INFO = NO;
				SDKROOT = iphoneos;
				TARGETED_DEVICE_FAMILY = "1,2";
				VALIDATE_PRODUCT = YES;
			};
			name = Release;
		};
		C68C62961C600FEC00087584 /* Debug */ = {
			isa = XCBuildConfiguration;
			buildSettings = {
				ASSETCATALOG_COMPILER_APPICON_NAME = AppIcon;
				INFOPLIST_FILE = MakeUrPizza/Info.plist;
				LD_RUNPATH_SEARCH_PATHS = "$(inherited) @executable_path/Frameworks";
				PRODUCT_BUNDLE_IDENTIFIER = uaz.aem.cidte.MakeUrPizza;
				PRODUCT_NAME = "$(TARGET_NAME)";
			};
			name = Debug;
		};
		C68C62971C600FEC00087584 /* Release */ = {
			isa = XCBuildConfiguration;
			buildSettings = {
				ASSETCATALOG_COMPILER_APPICON_NAME = AppIcon;
				INFOPLIST_FILE = MakeUrPizza/Info.plist;
				LD_RUNPATH_SEARCH_PATHS = "$(inherited) @executable_path/Frameworks";
				PRODUCT_BUNDLE_IDENTIFIER = uaz.aem.cidte.MakeUrPizza;
				PRODUCT_NAME = "$(TARGET_NAME)";
			};
			name = Release;
		};
		C68C62991C600FEC00087584 /* Debug */ = {
			isa = XCBuildConfiguration;
			buildSettings = {
				BUNDLE_LOADER = "$(TEST_HOST)";
				INFOPLIST_FILE = MakeUrPizzaTests/Info.plist;
				LD_RUNPATH_SEARCH_PATHS = "$(inherited) @executable_path/Frameworks @loader_path/Frameworks";
				PRODUCT_BUNDLE_IDENTIFIER = uaz.aem.cidte.MakeUrPizzaTests;
				PRODUCT_NAME = "$(TARGET_NAME)";
				TEST_HOST = "$(BUILT_PRODUCTS_DIR)/MakeUrPizza.app/MakeUrPizza";
			};
			name = Debug;
		};
		C68C629A1C600FEC00087584 /* Release */ = {
			isa = XCBuildConfiguration;
			buildSettings = {
				BUNDLE_LOADER = "$(TEST_HOST)";
				INFOPLIST_FILE = MakeUrPizzaTests/Info.plist;
				LD_RUNPATH_SEARCH_PATHS = "$(inherited) @executable_path/Frameworks @loader_path/Frameworks";
				PRODUCT_BUNDLE_IDENTIFIER = uaz.aem.cidte.MakeUrPizzaTests;
				PRODUCT_NAME = "$(TARGET_NAME)";
				TEST_HOST = "$(BUILT_PRODUCTS_DIR)/MakeUrPizza.app/MakeUrPizza";
			};
			name = Release;
		};
		C68C629C1C600FEC00087584 /* Debug */ = {
			isa = XCBuildConfiguration;
			buildSettings = {
				INFOPLIST_FILE = MakeUrPizzaUITests/Info.plist;
				LD_RUNPATH_SEARCH_PATHS = "$(inherited) @executable_path/Frameworks @loader_path/Frameworks";
				PRODUCT_BUNDLE_IDENTIFIER = uaz.aem.cidte.MakeUrPizzaUITests;
				PRODUCT_NAME = "$(TARGET_NAME)";
				TEST_TARGET_NAME = MakeUrPizza;
				USES_XCTRUNNER = YES;
			};
			name = Debug;
		};
		C68C629D1C600FEC00087584 /* Release */ = {
			isa = XCBuildConfiguration;
			buildSettings = {
				INFOPLIST_FILE = MakeUrPizzaUITests/Info.plist;
				LD_RUNPATH_SEARCH_PATHS = "$(inherited) @executable_path/Frameworks @loader_path/Frameworks";
				PRODUCT_BUNDLE_IDENTIFIER = uaz.aem.cidte.MakeUrPizzaUITests;
				PRODUCT_NAME = "$(TARGET_NAME)";
				TEST_TARGET_NAME = MakeUrPizza;
				USES_XCTRUNNER = YES;
			};
			name = Release;
		};
/* End XCBuildConfiguration section */

/* Begin XCConfigurationList section */
		C68C62681C600FEC00087584 /* Build configuration list for PBXProject "MakeUrPizza" */ = {
			isa = XCConfigurationList;
			buildConfigurations = (
				C68C62931C600FEC00087584 /* Debug */,
				C68C62941C600FEC00087584 /* Release */,
			);
			defaultConfigurationIsVisible = 0;
			defaultConfigurationName = Release;
		};
		C68C62951C600FEC00087584 /* Build configuration list for PBXNativeTarget "MakeUrPizza" */ = {
			isa = XCConfigurationList;
			buildConfigurations = (
				C68C62961C600FEC00087584 /* Debug */,
				C68C62971C600FEC00087584 /* Release */,
			);
			defaultConfigurationIsVisible = 0;
			defaultConfigurationName = Release;
		};
		C68C62981C600FEC00087584 /* Build configuration list for PBXNativeTarget "MakeUrPizzaTests" */ = {
			isa = XCConfigurationList;
			buildConfigurations = (
				C68C62991C600FEC00087584 /* Debug */,
				C68C629A1C600FEC00087584 /* Release */,
			);
			defaultConfigurationIsVisible = 0;
			defaultConfigurationName = Release;
		};
		C68C629B1C600FEC00087584 /* Build configuration list for PBXNativeTarget "MakeUrPizzaUITests" */ = {
			isa = XCConfigurationList;
			buildConfigurations = (
				C68C629C1C600FEC00087584 /* Debug */,
				C68C629D1C600FEC00087584 /* Release */,
			);
			defaultConfigurationIsVisible = 0;
			defaultConfigurationName = Release;
		};
/* End XCConfigurationList section */
	};
	rootObject = C68C62651C600FEC00087584 /* Project object */;
}
